// !$*UTF8*$!
{
	archiveVersion = 1;
	classes = {
	};
	objectVersion = 77;
	objects = {

/* Begin PBXContainerItemProxy section */
		CEF0E3712EA6C12300AF1E4A /* PBXContainerItemProxy */ = {
			isa = PBXContainerItemProxy;
			containerPortal = CEF0E3572EA6C12000AF1E4A /* Project object */;
			proxyType = 1;
			remoteGlobalIDString = CEF0E35E2EA6C12000AF1E4A;
			remoteInfo = "SG AI BAND";
		};
		CEF0E37B2EA6C12300AF1E4A /* PBXContainerItemProxy */ = {
			isa = PBXContainerItemProxy;
			containerPortal = CEF0E3572EA6C12000AF1E4A /* Project object */;
			proxyType = 1;
			remoteGlobalIDString = CEF0E35E2EA6C12000AF1E4A;
			remoteInfo = "SG AI BAND";
		};
/* End PBXContainerItemProxy section */

/* Begin PBXFileReference section */
		CEF0E35F2EA6C12000AF1E4A /* SG AI BAND.app */ = {isa = PBXFileReference; explicitFileType = wrapper.application; includeInIndex = 0; path = "SG AI BAND.app"; sourceTree = BUILT_PRODUCTS_DIR; };
		CEF0E3702EA6C12300AF1E4A /* SG AI BANDTests.xctest */ = {isa = PBXFileReference; explicitFileType = wrapper.cfbundle; includeInIndex = 0; path = "SG AI BANDTests.xctest"; sourceTree = BUILT_PRODUCTS_DIR; };
		CEF0E37A2EA6C12300AF1E4A /* SG AI BANDUITests.xctest */ = {isa = PBXFileReference; explicitFileType = wrapper.cfbundle; includeInIndex = 0; path = "SG AI BANDUITests.xctest"; sourceTree = BUILT_PRODUCTS_DIR; };
/* End PBXFileReference section */

/* Begin PBXFileSystemSynchronizedBuildFileExceptionSet section */
		CEF0E3822EA6C12300AF1E4A /* Exceptions for "SG AI BAND" folder in "SG AI BAND" target */ = {
			isa = PBXFileSystemSynchronizedBuildFileExceptionSet;
			membershipExceptions = (
				Info.plist,
			);
			target = CEF0E35E2EA6C12000AF1E4A /* SG AI BAND */;
		};
/* End PBXFileSystemSynchronizedBuildFileExceptionSet section */

/* Begin PBXFileSystemSynchronizedRootGroup section */
		CEF0E3612EA6C12000AF1E4A /* SG AI BAND */ = {
			isa = PBXFileSystemSynchronizedRootGroup;
			exceptions = (
				CEF0E3822EA6C12300AF1E4A /* Exceptions for "SG AI BAND" folder in "SG AI BAND" target */,
			);
			path = "SG AI BAND";
			sourceTree = "<group>";
		};
		CEF0E3732EA6C12300AF1E4A /* SG AI BANDTests */ = {
			isa = PBXFileSystemSynchronizedRootGroup;
			path = "SG AI BANDTests";
			sourceTree = "<group>";
		};
		CEF0E37D2EA6C12300AF1E4A /* SG AI BANDUITests */ = {
			isa = PBXFileSystemSynchronizedRootGroup;
			path = "SG AI BANDUITests";
			sourceTree = "<group>";
		};
/* End PBXFileSystemSynchronizedRootGroup section */

/* Begin PBXFrameworksBuildPhase section */
		CEF0E35C2EA6C12000AF1E4A /* Frameworks */ = {
			isa = PBXFrameworksBuildPhase;
			buildActionMask = 2147483647;
			files = (
			);
			runOnlyForDeploymentPostprocessing = 0;
		};
		CEF0E36D2EA6C12300AF1E4A /* Frameworks */ = {
			isa = PBXFrameworksBuildPhase;
			buildActionMask = 2147483647;
			files = (
			);
			runOnlyForDeploymentPostprocessing = 0;
		};
		CEF0E3772EA6C12300AF1E4A /* Frameworks */ = {
			isa = PBXFrameworksBuildPhase;
			buildActionMask = 2147483647;
			files = (
			);
			runOnlyForDeploymentPostprocessing = 0;
		};
/* End PBXFrameworksBuildPhase section */

/* Begin PBXGroup section */
		CEF0E3562EA6C12000AF1E4A = {
			isa = PBXGroup;
			children = (
				CEF0E3612EA6C12000AF1E4A /* SG AI BAND */,
				CEF0E3732EA6C12300AF1E4A /* SG AI BANDTests */,
				CEF0E37D2EA6C12300AF1E4A /* SG AI BANDUITests */,
				CEF0E3602EA6C12000AF1E4A /* Products */,
			);
			sourceTree = "<group>";
		};
		CEF0E3602EA6C12000AF1E4A /* Products */ = {
			isa = PBXGroup;
			children = (
				CEF0E35F2EA6C12000AF1E4A /* SG AI BAND.app */,
				CEF0E3702EA6C12300AF1E4A /* SG AI BANDTests.xctest */,
				CEF0E37A2EA6C12300AF1E4A /* SG AI BANDUITests.xctest */,
			);
			name = Products;
			sourceTree = "<group>";
		};
/* End PBXGroup section */

/* Begin PBXNativeTarget section */
		CEF0E35E2EA6C12000AF1E4A /* SG AI BAND */ = {
			isa = PBXNativeTarget;
			buildConfigurationList = CEF0E3832EA6C12300AF1E4A /* Build configuration list for PBXNativeTarget "SG AI BAND" */;
			buildPhases = (
				CEF0E35B2EA6C12000AF1E4A /* Sources */,
				CEF0E35C2EA6C12000AF1E4A /* Frameworks */,
				CEF0E35D2EA6C12000AF1E4A /* Resources */,
			);
			buildRules = (
			);
			dependencies = (
			);
			fileSystemSynchronizedGroups = (
				CEF0E3612EA6C12000AF1E4A /* SG AI BAND */,
			);
			name = "SG AI BAND";
			packageProductDependencies = (
			);
			productName = "SG AI BAND";
			productReference = CEF0E35F2EA6C12000AF1E4A /* SG AI BAND.app */;
			productType = "com.apple.product-type.application";
		};
		CEF0E36F2EA6C12300AF1E4A /* SG AI BANDTests */ = {
			isa = PBXNativeTarget;
			buildConfigurationList = CEF0E3882EA6C12300AF1E4A /* Build configuration list for PBXNativeTarget "SG AI BANDTests" */;
			buildPhases = (
				CEF0E36C2EA6C12300AF1E4A /* Sources */,
				CEF0E36D2EA6C12300AF1E4A /* Frameworks */,
				CEF0E36E2EA6C12300AF1E4A /* Resources */,
			);
			buildRules = (
			);
			dependencies = (
				CEF0E3722EA6C12300AF1E4A /* PBXTargetDependency */,
			);
			fileSystemSynchronizedGroups = (
				CEF0E3732EA6C12300AF1E4A /* SG AI BANDTests */,
			);
			name = "SG AI BANDTests";
			packageProductDependencies = (
			);
			productName = "SG AI BANDTests";
			productReference = CEF0E3702EA6C12300AF1E4A /* SG AI BANDTests.xctest */;
			productType = "com.apple.product-type.bundle.unit-test";
		};
		CEF0E3792EA6C12300AF1E4A /* SG AI BANDUITests */ = {
			isa = PBXNativeTarget;
			buildConfigurationList = CEF0E38B2EA6C12300AF1E4A /* Build configuration list for PBXNativeTarget "SG AI BANDUITests" */;
			buildPhases = (
				CEF0E3762EA6C12300AF1E4A /* Sources */,
				CEF0E3772EA6C12300AF1E4A /* Frameworks */,
				CEF0E3782EA6C12300AF1E4A /* Resources */,
			);
			buildRules = (
			);
			dependencies = (
				CEF0E37C2EA6C12300AF1E4A /* PBXTargetDependency */,
			);
			fileSystemSynchronizedGroups = (
				CEF0E37D2EA6C12300AF1E4A /* SG AI BANDUITests */,
			);
			name = "SG AI BANDUITests";
			packageProductDependencies = (
			);
			productName = "SG AI BANDUITests";
			productReference = CEF0E37A2EA6C12300AF1E4A /* SG AI BANDUITests.xctest */;
			productType = "com.apple.product-type.bundle.ui-testing";
		};
/* End PBXNativeTarget section */

/* Begin PBXProject section */
		CEF0E3572EA6C12000AF1E4A /* Project object */ = {
			isa = PBXProject;
			attributes = {
				BuildIndependentTargetsInParallel = 1;
				LastSwiftUpdateCheck = 2600;
				LastUpgradeCheck = 2600;
				TargetAttributes = {
					CEF0E35E2EA6C12000AF1E4A = {
						CreatedOnToolsVersion = 26.0.1;
					};
					CEF0E36F2EA6C12300AF1E4A = {
						CreatedOnToolsVersion = 26.0.1;
						TestTargetID = CEF0E35E2EA6C12000AF1E4A;
					};
					CEF0E3792EA6C12300AF1E4A = {
						CreatedOnToolsVersion = 26.0.1;
						TestTargetID = CEF0E35E2EA6C12000AF1E4A;
					};
				};
			};
			buildConfigurationList = CEF0E35A2EA6C12000AF1E4A /* Build configuration list for PBXProject "SG AI BAND" */;
			developmentRegion = en;
			hasScannedForEncodings = 0;
			knownRegions = (
				en,
				Base,
			);
			mainGroup = CEF0E3562EA6C12000AF1E4A;
			minimizedProjectReferenceProxies = 1;
			preferredProjectObjectVersion = 77;
			productRefGroup = CEF0E3602EA6C12000AF1E4A /* Products */;
			projectDirPath = "";
			projectRoot = "";
			targets = (
				CEF0E35E2EA6C12000AF1E4A /* SG AI BAND */,
				CEF0E36F2EA6C12300AF1E4A /* SG AI BANDTests */,
				CEF0E3792EA6C12300AF1E4A /* SG AI BANDUITests */,
			);
		};
/* End PBXProject section */

/* Begin PBXResourcesBuildPhase section */
		CEF0E35D2EA6C12000AF1E4A /* Resources */ = {
			isa = PBXResourcesBuildPhase;
			buildActionMask = 2147483647;
			files = (
			);
			runOnlyForDeploymentPostprocessing = 0;
		};
		CEF0E36E2EA6C12300AF1E4A /* Resources */ = {
			isa = PBXResourcesBuildPhase;
			buildActionMask = 2147483647;
			files = (
			);
			runOnlyForDeploymentPostprocessing = 0;
		};
		CEF0E3782EA6C12300AF1E4A /* Resources */ = {
			isa = PBXResourcesBuildPhase;
			buildActionMask = 2147483647;
			files = (
			);
			runOnlyForDeploymentPostprocessing = 0;
		};
/* End PBXResourcesBuildPhase section */

/* Begin PBXSourcesBuildPhase section */
		CEF0E35B2EA6C12000AF1E4A /* Sources */ = {
			isa = PBXSourcesBuildPhase;
			buildActionMask = 2147483647;
			files = (
			);
			runOnlyForDeploymentPostprocessing = 0;
		};
		CEF0E36C2EA6C12300AF1E4A /* Sources */ = {
			isa = PBXSourcesBuildPhase;
			buildActionMask = 2147483647;
			files = (
			);
			runOnlyForDeploymentPostprocessing = 0;
		};
		CEF0E3762EA6C12300AF1E4A /* Sources */ = {
			isa = PBXSourcesBuildPhase;
			buildActionMask = 2147483647;
			files = (
			);
			runOnlyForDeploymentPostprocessing = 0;
		};
/* End PBXSourcesBuildPhase section */

/* Begin PBXTargetDependency section */
		CEF0E3722EA6C12300AF1E4A /* PBXTargetDependency */ = {
			isa = PBXTargetDependency;
			target = CEF0E35E2EA6C12000AF1E4A /* SG AI BAND */;
			targetProxy = CEF0E3712EA6C12300AF1E4A /* PBXContainerItemProxy */;
		};
		CEF0E37C2EA6C12300AF1E4A /* PBXTargetDependency */ = {
			isa = PBXTargetDependency;
			target = CEF0E35E2EA6C12000AF1E4A /* SG AI BAND */;
			targetProxy = CEF0E37B2EA6C12300AF1E4A /* PBXContainerItemProxy */;
		};
/* End PBXTargetDependency section */

/* Begin XCBuildConfiguration section */
		CEF0E3842EA6C12300AF1E4A /* Debug */ = {
			isa = XCBuildConfiguration;
			buildSettings = {
				ASSETCATALOG_COMPILER_APPICON_NAME = AppIcon;
				ASSETCATALOG_COMPILER_GLOBAL_ACCENT_COLOR_NAME = AccentColor;
				CODE_SIGN_ENTITLEMENTS = "SG AI BAND/SG_AI_BAND.entitlements";
				CODE_SIGN_STYLE = Automatic;
				CURRENT_PROJECT_VERSION = 1;
				ENABLE_PREVIEWS = YES;
				GENERATE_INFOPLIST_FILE = YES;
				INFOPLIST_FILE = "SG AI BAND/Info.plist";
				INFOPLIST_KEY_UIApplicationSceneManifest_Generation = YES;
				INFOPLIST_KEY_UIApplicationSupportsIndirectInputEvents = YES;
				INFOPLIST_KEY_UILaunchScreen_Generation = YES;
				INFOPLIST_KEY_UISupportedInterfaceOrientations_iPad = "UIInterfaceOrientationPortrait UIInterfaceOrientationPortraitUpsideDown UIInterfaceOrientationLandscapeLeft UIInterfaceOrientationLandscapeRight";
				INFOPLIST_KEY_UISupportedInterfaceOrientations_iPhone = "UIInterfaceOrientationPortrait UIInterfaceOrientationLandscapeLeft UIInterfaceOrientationLandscapeRight";
				LD_RUNPATH_SEARCH_PATHS = (
					"$(inherited)",
					"@executable_path/Frameworks",
				);
				MARKETING_VERSION = 1.0;
				PRODUCT_BUNDLE_IDENTIFIER = "com.safewayguardian.SG-AI-BAND.SG-AI-BAND";
				PRODUCT_NAME = "$(TARGET_NAME)";
				STRING_CATALOG_GENERATE_SYMBOLS = YES;
				SWIFT_APPROACHABLE_CONCURRENCY = YES;
				SWIFT_DEFAULT_ACTOR_ISOLATION = MainActor;
				SWIFT_EMIT_LOC_STRINGS = YES;
				SWIFT_UPCOMING_FEATURE_MEMBER_IMPORT_VISIBILITY = YES;
				SWIFT_VERSION = 5.0;
				TARGETED_DEVICE_FAMILY = "1,2";
			};
			name = Debug;
		};
		CEF0E3852EA6C12300AF1E4A /* Release */ = {
			isa = XCBuildConfiguration;
			buildSettings = {
				ASSETCATALOG_COMPILER_APPICON_NAME = AppIcon;
				ASSETCATALOG_COMPILER_GLOBAL_ACCENT_COLOR_NAME = AccentColor;
				CODE_SIGN_ENTITLEMENTS = "SG AI BAND/SG_AI_BAND.entitlements";
				CODE_SIGN_STYLE = Automatic;
				CURRENT_PROJECT_VERSION = 1;
				ENABLE_PREVIEWS = YES;
				GENERATE_INFOPLIST_FILE = YES;
				INFOPLIST_FILE = "SG AI BAND/Info.plist";
				INFOPLIST_KEY_UIApplicationSceneManifest_Generation = YES;
				INFOPLIST_KEY_UIApplicationSupportsIndirectInputEvents = YES;
				INFOPLIST_KEY_UILaunchScreen_Generation = YES;
				INFOPLIST_KEY_UISupportedInterfaceOrientations_iPad = "UIInterfaceOrientationPortrait UIInterfaceOrientationPortraitUpsideDown UIInterfaceOrientationLandscapeLeft UIInterfaceOrientationLandscapeRight";
				INFOPLIST_KEY_UISupportedInterfaceOrientations_iPhone = "UIInterfaceOrientationPortrait UIInterfaceOrientationLandscapeLeft UIInterfaceOrientationLandscapeRight";
				LD_RUNPATH_SEARCH_PATHS = (
					"$(inherited)",
					"@executable_path/Frameworks",
				);
				MARKETING_VERSION = 1.0;
				PRODUCT_BUNDLE_IDENTIFIER = "com.safewayguardian.SG-AI-BAND.SG-AI-BAND";
				PRODUCT_NAME = "$(TARGET_NAME)";
				STRING_CATALOG_GENERATE_SYMBOLS = YES;
				SWIFT_APPROACHABLE_CONCURRENCY = YES;
				SWIFT_DEFAULT_ACTOR_ISOLATION = MainActor;
				SWIFT_EMIT_LOC_STRINGS = YES;
				SWIFT_UPCOMING_FEATURE_MEMBER_IMPORT_VISIBILITY = YES;
				SWIFT_VERSION = 5.0;
				TARGETED_DEVICE_FAMILY = "1,2";
			};
			name = Release;
		};
		CEF0E3862EA6C12300AF1E4A /* Debug */ = {
			isa = XCBuildConfiguration;
			buildSettings = {
				ALWAYS_SEARCH_USER_PATHS = NO;
				ASSETCATALOG_COMPILER_GENERATE_SWIFT_ASSET_SYMBOL_EXTENSIONS = YES;
				CLANG_ANALYZER_NONNULL = YES;
				CLANG_ANALYZER_NUMBER_OBJECT_CONVERSION = YES_AGGRESSIVE;
				CLANG_CXX_LANGUAGE_STANDARD = "gnu++20";
				CLANG_ENABLE_MODULES = YES;
				CLANG_ENABLE_OBJC_ARC = YES;
				CLANG_ENABLE_OBJC_WEAK = YES;
				CLANG_WARN_BLOCK_CAPTURE_AUTORELEASING = YES;
				CLANG_WARN_BOOL_CONVERSION = YES;
				CLANG_WARN_COMMA = YES;
				CLANG_WARN_CONSTANT_CONVERSION = YES;
				CLANG_WARN_DEPRECATED_OBJC_IMPLEMENTATIONS = YES;
				CLANG_WARN_DIRECT_OBJC_ISA_USAGE = YES_ERROR;
				CLANG_WARN_DOCUMENTATION_COMMENTS = YES;
				CLANG_WARN_EMPTY_BODY = YES;
				CLANG_WARN_ENUM_CONVERSION = YES;
				CLANG_WARN_INFINITE_RECURSION = YES;
				CLANG_WARN_INT_CONVERSION = YES;
				CLANG_WARN_NON_LITERAL_NULL_CONVERSION = YES;
				CLANG_WARN_OBJC_IMPLICIT_RETAIN_SELF = YES;
				CLANG_WARN_OBJC_LITERAL_CONVERSION = YES;
				CLANG_WARN_OBJC_ROOT_CLASS = YES_ERROR;
				CLANG_WARN_QUOTED_INCLUDE_IN_FRAMEWORK_HEADER = YES;
				CLANG_WARN_RANGE_LOOP_ANALYSIS = YES;
				CLANG_WARN_STRICT_PROTOTYPES = YES;
				CLANG_WARN_SUSPICIOUS_MOVE = YES;
				CLANG_WARN_UNGUARDED_AVAILABILITY = YES_AGGRESSIVE;
				CLANG_WARN_UNREACHABLE_CODE = YES;
				CLANG_WARN__DUPLICATE_METHOD_MATCH = YES;
				COPY_PHASE_STRIP = NO;
				DEBUG_INFORMATION_FORMAT = dwarf;
				ENABLE_STRICT_OBJC_MSGSEND = YES;
				ENABLE_TESTABILITY = YES;
				ENABLE_USER_SCRIPT_SANDBOXING = YES;
				GCC_C_LANGUAGE_STANDARD = gnu17;
				GCC_DYNAMIC_NO_PIC = NO;
				GCC_NO_COMMON_BLOCKS = YES;
				GCC_OPTIMIZATION_LEVEL = 0;
				GCC_PREPROCESSOR_DEFINITIONS = (
					"DEBUG=1",
					"$(inherited)",
				);
				GCC_WARN_64_TO_32_BIT_CONVERSION = YES;
				GCC_WARN_ABOUT_RETURN_TYPE = YES_ERROR;
				GCC_WARN_UNDECLARED_SELECTOR = YES;
				GCC_WARN_UNINITIALIZED_AUTOS = YES_AGGRESSIVE;
				GCC_WARN_UNUSED_FUNCTION = YES;
				GCC_WARN_UNUSED_VARIABLE = YES;
				IPHONEOS_DEPLOYMENT_TARGET = 26.0;
				LOCALIZATION_PREFERS_STRING_CATALOGS = YES;
				MTL_ENABLE_DEBUG_INFO = INCLUDE_SOURCE;
				MTL_FAST_MATH = YES;
				ONLY_ACTIVE_ARCH = YES;
				SDKROOT = iphoneos;
				SWIFT_ACTIVE_COMPILATION_CONDITIONS = "DEBUG $(inherited)";
				SWIFT_OPTIMIZATION_LEVEL = "-Onone";
			};
			name = Debug;
		};
		CEF0E3872EA6C12300AF1E4A /* Release */ = {
			isa = XCBuildConfiguration;
			buildSettings = {
				ALWAYS_SEARCH_USER_PATHS = NO;
				ASSETCATALOG_COMPILER_GENERATE_SWIFT_ASSET_SYMBOL_EXTENSIONS = YES;
				CLANG_ANALYZER_NONNULL = YES;
				CLANG_ANALYZER_NUMBER_OBJECT_CONVERSION = YES_AGGRESSIVE;
				CLANG_CXX_LANGUAGE_STANDARD = "gnu++20";
				CLANG_ENABLE_MODULES = YES;
				CLANG_ENABLE_OBJC_ARC = YES;
				CLANG_ENABLE_OBJC_WEAK = YES;
				CLANG_WARN_BLOCK_CAPTURE_AUTORELEASING = YES;
				CLANG_WARN_BOOL_CONVERSION = YES;
				CLANG_WARN_COMMA = YES;
				CLANG_WARN_CONSTANT_CONVERSION = YES;
				CLANG_WARN_DEPRECATED_OBJC_IMPLEMENTATIONS = YES;
				CLANG_WARN_DIRECT_OBJC_ISA_USAGE = YES_ERROR;
				CLANG_WARN_DOCUMENTATION_COMMENTS = YES;
				CLANG_WARN_EMPTY_BODY = YES;
				CLANG_WARN_ENUM_CONVERSION = YES;
				CLANG_WARN_INFINITE_RECURSION = YES;
				CLANG_WARN_INT_CONVERSION = YES;
				CLANG_WARN_NON_LITERAL_NULL_CONVERSION = YES;
				CLANG_WARN_OBJC_IMPLICIT_RETAIN_SELF = YES;
				CLANG_WARN_OBJC_LITERAL_CONVERSION = YES;
				CLANG_WARN_OBJC_ROOT_CLASS = YES_ERROR;
				CLANG_WARN_QUOTED_INCLUDE_IN_FRAMEWORK_HEADER = YES;
				CLANG_WARN_RANGE_LOOP_ANALYSIS = YES;
				CLANG_WARN_STRICT_PROTOTYPES = YES;
				CLANG_WARN_SUSPICIOUS_MOVE = YES;
				CLANG_WARN_UNGUARDED_AVAILABILITY = YES_AGGRESSIVE;
				CLANG_WARN_UNREACHABLE_CODE = YES;
				CLANG_WARN__DUPLICATE_METHOD_MATCH = YES;
				COPY_PHASE_STRIP = NO;
				DEBUG_INFORMATION_FORMAT = "dwarf-with-dsym";
				ENABLE_NS_ASSERTIONS = NO;
				ENABLE_STRICT_OBJC_MSGSEND = YES;
				ENABLE_USER_SCRIPT_SANDBOXING = YES;
				GCC_C_LANGUAGE_STANDARD = gnu17;
				GCC_NO_COMMON_BLOCKS = YES;
				GCC_WARN_64_TO_32_BIT_CONVERSION = YES;
				GCC_WARN_ABOUT_RETURN_TYPE = YES_ERROR;
				GCC_WARN_UNDECLARED_SELECTOR = YES;
				GCC_WARN_UNINITIALIZED_AUTOS = YES_AGGRESSIVE;
				GCC_WARN_UNUSED_FUNCTION = YES;
				GCC_WARN_UNUSED_VARIABLE = YES;
				IPHONEOS_DEPLOYMENT_TARGET = 26.0;
				LOCALIZATION_PREFERS_STRING_CATALOGS = YES;
				MTL_ENABLE_DEBUG_INFO = NO;
				MTL_FAST_MATH = YES;
				SDKROOT = iphoneos;
				SWIFT_COMPILATION_MODE = wholemodule;
				VALIDATE_PRODUCT = YES;
			};
			name = Release;
		};
		CEF0E3892EA6C12300AF1E4A /* Debug */ = {
			isa = XCBuildConfiguration;
			buildSettings = {
				BUNDLE_LOADER = "$(TEST_HOST)";
				CODE_SIGN_STYLE = Automatic;
				CURRENT_PROJECT_VERSION = 1;
				GENERATE_INFOPLIST_FILE = YES;
				IPHONEOS_DEPLOYMENT_TARGET = 26.0;
				MARKETING_VERSION = 1.0;
				PRODUCT_BUNDLE_IDENTIFIER = "com.safewayguardian.SG-AI-BAND.SG-AI-BANDTests";
				PRODUCT_NAME = "$(TARGET_NAME)";
				STRING_CATALOG_GENERATE_SYMBOLS = NO;
				SWIFT_APPROACHABLE_CONCURRENCY = YES;
				SWIFT_EMIT_LOC_STRINGS = NO;
				SWIFT_UPCOMING_FEATURE_MEMBER_IMPORT_VISIBILITY = YES;
				SWIFT_VERSION = 5.0;
				TARGETED_DEVICE_FAMILY = "1,2";
				TEST_HOST = "$(BUILT_PRODUCTS_DIR)/SG AI BAND.app/$(BUNDLE_EXECUTABLE_FOLDER_PATH)/SG AI BAND";
			};
			name = Debug;
		};
		CEF0E38A2EA6C12300AF1E4A /* Release */ = {
			isa = XCBuildConfiguration;
			buildSettings = {
				BUNDLE_LOADER = "$(TEST_HOST)";
				CODE_SIGN_STYLE = Automatic;
				CURRENT_PROJECT_VERSION = 1;
				GENERATE_INFOPLIST_FILE = YES;
				IPHONEOS_DEPLOYMENT_TARGET = 26.0;
				MARKETING_VERSION = 1.0;
				PRODUCT_BUNDLE_IDENTIFIER = "com.safewayguardian.SG-AI-BAND.SG-AI-BANDTests";
				PRODUCT_NAME = "$(TARGET_NAME)";
				STRING_CATALOG_GENERATE_SYMBOLS = NO;
				SWIFT_APPROACHABLE_CONCURRENCY = YES;
				SWIFT_EMIT_LOC_STRINGS = NO;
				SWIFT_UPCOMING_FEATURE_MEMBER_IMPORT_VISIBILITY = YES;
				SWIFT_VERSION = 5.0;
				TARGETED_DEVICE_FAMILY = "1,2";
				TEST_HOST = "$(BUILT_PRODUCTS_DIR)/SG AI BAND.app/$(BUNDLE_EXECUTABLE_FOLDER_PATH)/SG AI BAND";
			};
			name = Release;
		};
		CEF0E38C2EA6C12300AF1E4A /* Debug */ = {
			isa = XCBuildConfiguration;
			buildSettings = {
				CODE_SIGN_STYLE = Automatic;
				CURRENT_PROJECT_VERSION = 1;
				GENERATE_INFOPLIST_FILE = YES;
				MARKETING_VERSION = 1.0;
				PRODUCT_BUNDLE_IDENTIFIER = "com.safewayguardian.SG-AI-BAND.SG-AI-BANDUITests";
				PRODUCT_NAME = "$(TARGET_NAME)";
				STRING_CATALOG_GENERATE_SYMBOLS = NO;
				SWIFT_APPROACHABLE_CONCURRENCY = YES;
				SWIFT_EMIT_LOC_STRINGS = NO;
				SWIFT_UPCOMING_FEATURE_MEMBER_IMPORT_VISIBILITY = YES;
				SWIFT_VERSION = 5.0;
				TARGETED_DEVICE_FAMILY = "1,2";
				TEST_TARGET_NAME = "SG AI BAND";
			};
			name = Debug;
		};
		CEF0E38D2EA6C12300AF1E4A /* Release */ = {
			isa = XCBuildConfiguration;
			buildSettings = {
				CODE_SIGN_STYLE = Automatic;
				CURRENT_PROJECT_VERSION = 1;
				GENERATE_INFOPLIST_FILE = YES;
				MARKETING_VERSION = 1.0;
				PRODUCT_BUNDLE_IDENTIFIER = "com.safewayguardian.SG-AI-BAND.SG-AI-BANDUITests";
				PRODUCT_NAME = "$(TARGET_NAME)";
				STRING_CATALOG_GENERATE_SYMBOLS = NO;
				SWIFT_APPROACHABLE_CONCURRENCY = YES;
				SWIFT_EMIT_LOC_STRINGS = NO;
				SWIFT_UPCOMING_FEATURE_MEMBER_IMPORT_VISIBILITY = YES;
				SWIFT_VERSION = 5.0;
				TARGETED_DEVICE_FAMILY = "1,2";
				TEST_TARGET_NAME = "SG AI BAND";
			};
			name = Release;
		};
/* End XCBuildConfiguration section */

/* Begin XCConfigurationList section */
		CEF0E35A2EA6C12000AF1E4A /* Build configuration list for PBXProject "SG AI BAND" */ = {
			isa = XCConfigurationList;
			buildConfigurations = (
				CEF0E3862EA6C12300AF1E4A /* Debug */,
				CEF0E3872EA6C12300AF1E4A /* Release */,
			);
			defaultConfigurationIsVisible = 0;
			defaultConfigurationName = Release;
		};
		CEF0E3832EA6C12300AF1E4A /* Build configuration list for PBXNativeTarget "SG AI BAND" */ = {
			isa = XCConfigurationList;
			buildConfigurations = (
				CEF0E3842EA6C12300AF1E4A /* Debug */,
				CEF0E3852EA6C12300AF1E4A /* Release */,
			);
			defaultConfigurationIsVisible = 0;
			defaultConfigurationName = Release;
		};
		CEF0E3882EA6C12300AF1E4A /* Build configuration list for PBXNativeTarget "SG AI BANDTests" */ = {
			isa = XCConfigurationList;
			buildConfigurations = (
				CEF0E3892EA6C12300AF1E4A /* Debug */,
				CEF0E38A2EA6C12300AF1E4A /* Release */,
			);
			defaultConfigurationIsVisible = 0;
			defaultConfigurationName = Release;
		};
		CEF0E38B2EA6C12300AF1E4A /* Build configuration list for PBXNativeTarget "SG AI BANDUITests" */ = {
			isa = XCConfigurationList;
			buildConfigurations = (
				CEF0E38C2EA6C12300AF1E4A /* Debug */,
				CEF0E38D2EA6C12300AF1E4A /* Release */,
			);
			defaultConfigurationIsVisible = 0;
			defaultConfigurationName = Release;
		};
/* End XCConfigurationList section */
	};
	rootObject = CEF0E3572EA6C12000AF1E4A /* Project object */;
}
